// !$*UTF8*$!
{
	archiveVersion = 1;
	classes = {
	};
	objectVersion = 50;
	objects = {

/* Begin PBXBuildFile section */
		366FF0A5D546982A0B437EB5 /* TranslationKeys.swift in Sources */ = {isa = PBXBuildFile; fileRef = 366FFA68940790381E35811B /* TranslationKeys.swift */; };
		366FF31068376CAEA5849B7A /* Main.storyboard in Resources */ = {isa = PBXBuildFile; fileRef = 366FFB193FAAEB1737A4C47D /* Main.storyboard */; };
		366FF83FFEAE2BB02E93C7BC /* ViewController.swift in Sources */ = {isa = PBXBuildFile; fileRef = 366FF885391A432532FF8EFF /* ViewController.swift */; };
		366FFF0FDAD05B7A633C7989 /* AppDelegate.swift in Sources */ = {isa = PBXBuildFile; fileRef = 366FF8CC31303AE38C9BD549 /* AppDelegate.swift */; };
		366FFFF9F317F39B17BA3EF1 /* LaunchScreen.storyboard in Resources */ = {isa = PBXBuildFile; fileRef = 366FFCE7666869B5EA2959F6 /* LaunchScreen.storyboard */; };
		C7D0F02521BE8F1300638746 /* Assets.xcassets in Resources */ = {isa = PBXBuildFile; fileRef = C7D0F02421BE8F1300638746 /* Assets.xcassets */; };
		C7D0F03121BE95BB00638746 /* Localizable.stringsdict in Resources */ = {isa = PBXBuildFile; fileRef = C7D0F03321BE95BB00638746 /* Localizable.stringsdict */; };
/* End PBXBuildFile section */

/* Begin PBXFileReference section */
		366FF77993B74EDDFF0947DC /* Base */ = {isa = PBXFileReference; lastKnownFileType = file.storyboard; name = Base; path = Base.lproj/Main.storyboard; sourceTree = "<group>"; };
		366FF885391A432532FF8EFF /* ViewController.swift */ = {isa = PBXFileReference; fileEncoding = 4; lastKnownFileType = sourcecode.swift; path = ViewController.swift; sourceTree = "<group>"; };
		366FF8CC31303AE38C9BD549 /* AppDelegate.swift */ = {isa = PBXFileReference; fileEncoding = 4; lastKnownFileType = sourcecode.swift; path = AppDelegate.swift; sourceTree = "<group>"; };
		366FFA68940790381E35811B /* TranslationKeys.swift */ = {isa = PBXFileReference; fileEncoding = 4; lastKnownFileType = sourcecode.swift; path = TranslationKeys.swift; sourceTree = "<group>"; };
		366FFF2868660E56A0DE7059 /* Base */ = {isa = PBXFileReference; lastKnownFileType = file.storyboard; name = Base; path = Base.lproj/LaunchScreen.storyboard; sourceTree = "<group>"; };
		C7D0F01A21BE8F1200638746 /* Localization_NounPlurals.app */ = {isa = PBXFileReference; explicitFileType = wrapper.application; includeInIndex = 0; path = Localization_NounPlurals.app; sourceTree = BUILT_PRODUCTS_DIR; };
		C7D0F02421BE8F1300638746 /* Assets.xcassets */ = {isa = PBXFileReference; lastKnownFileType = folder.assetcatalog; path = Assets.xcassets; sourceTree = "<group>"; };
		C7D0F02921BE8F1300638746 /* Info.plist */ = {isa = PBXFileReference; lastKnownFileType = text.plist.xml; path = Info.plist; sourceTree = "<group>"; };
		C7D0F03221BE95BB00638746 /* en */ = {isa = PBXFileReference; lastKnownFileType = text.plist.stringsdict; name = en; path = en.lproj/Localizable.stringsdict; sourceTree = "<group>"; };
		C7D0F03421BE95CF00638746 /* ru */ = {isa = PBXFileReference; lastKnownFileType = text.plist.stringsdict; name = ru; path = ru.lproj/Localizable.stringsdict; sourceTree = "<group>"; };
/* End PBXFileReference section */

/* Begin PBXFrameworksBuildPhase section */
		C7D0F01721BE8F1200638746 /* Frameworks */ = {
			isa = PBXFrameworksBuildPhase;
			buildActionMask = 2147483647;
			files = (
			);
			runOnlyForDeploymentPostprocessing = 0;
		};
/* End PBXFrameworksBuildPhase section */

/* Begin PBXGroup section */
		366FF07D882E7F6D00CDD71A /* sources */ = {
			isa = PBXGroup;
			children = (
				366FFA68940790381E35811B /* TranslationKeys.swift */,
				366FF885391A432532FF8EFF /* ViewController.swift */,
				366FF8CC31303AE38C9BD549 /* AppDelegate.swift */,
			);
			path = sources;
			sourceTree = "<group>";
		};
		366FF58C156299C99A6E6858 /* storyboards */ = {
			isa = PBXGroup;
			children = (
				366FFB193FAAEB1737A4C47D /* Main.storyboard */,
				366FFCE7666869B5EA2959F6 /* LaunchScreen.storyboard */,
			);
			name = storyboards;
			sourceTree = "<group>";
		};
		C7D0F01121BE8F1100638746 = {
			isa = PBXGroup;
			children = (
				C7D0F01C21BE8F1200638746 /* Localization_NounPlurals */,
				C7D0F01B21BE8F1200638746 /* Products */,
			);
			sourceTree = "<group>";
		};
		C7D0F01B21BE8F1200638746 /* Products */ = {
			isa = PBXGroup;
			children = (
				C7D0F01A21BE8F1200638746 /* Localization_NounPlurals.app */,
			);
			name = Products;
			sourceTree = "<group>";
		};
		C7D0F01C21BE8F1200638746 /* Localization_NounPlurals */ = {
			isa = PBXGroup;
			children = (
				C7D0F02421BE8F1300638746 /* Assets.xcassets */,
				C7D0F02921BE8F1300638746 /* Info.plist */,
				C7D0F03321BE95BB00638746 /* Localizable.stringsdict */,
				366FF07D882E7F6D00CDD71A /* sources */,
				366FF58C156299C99A6E6858 /* storyboards */,
			);
			path = Localization_NounPlurals;
			sourceTree = "<group>";
		};
/* End PBXGroup section */

/* Begin PBXNativeTarget section */
		C7D0F01921BE8F1200638746 /* Localization_NounPlurals */ = {
			isa = PBXNativeTarget;
			buildConfigurationList = C7D0F02C21BE8F1300638746 /* Build configuration list for PBXNativeTarget "Localization_NounPlurals" */;
			buildPhases = (
				C7D0F01621BE8F1200638746 /* Sources */,
				C7D0F01721BE8F1200638746 /* Frameworks */,
				C7D0F01821BE8F1200638746 /* Resources */,
			);
			buildRules = (
			);
			dependencies = (
			);
			name = Localization_NounPlurals;
			productName = Localization_NounPlurals;
			productReference = C7D0F01A21BE8F1200638746 /* Localization_NounPlurals.app */;
			productType = "com.apple.product-type.application";
		};
/* End PBXNativeTarget section */

/* Begin PBXProject section */
		C7D0F01221BE8F1100638746 /* Project object */ = {
			isa = PBXProject;
			attributes = {
				LastSwiftUpdateCheck = 1010;
				LastUpgradeCheck = 1010;
				ORGANIZATIONNAME = hillarious;
				TargetAttributes = {
					C7D0F01921BE8F1200638746 = {
						CreatedOnToolsVersion = 10.1;
					};
				};
			};
			buildConfigurationList = C7D0F01521BE8F1100638746 /* Build configuration list for PBXProject "Localization_NounPlurals" */;
			compatibilityVersion = "Xcode 9.3";
			developmentRegion = en;
			hasScannedForEncodings = 0;
			knownRegions = (
				en,
				Base,
				ru,
			);
			mainGroup = C7D0F01121BE8F1100638746;
			productRefGroup = C7D0F01B21BE8F1200638746 /* Products */;
			projectDirPath = "";
			projectRoot = "";
			targets = (
				C7D0F01921BE8F1200638746 /* Localization_NounPlurals */,
			);
		};
/* End PBXProject section */

/* Begin PBXResourcesBuildPhase section */
		C7D0F01821BE8F1200638746 /* Resources */ = {
			isa = PBXResourcesBuildPhase;
			buildActionMask = 2147483647;
			files = (
				C7D0F03121BE95BB00638746 /* Localizable.stringsdict in Resources */,
				C7D0F02521BE8F1300638746 /* Assets.xcassets in Resources */,
				366FF31068376CAEA5849B7A /* Main.storyboard in Resources */,
				366FFFF9F317F39B17BA3EF1 /* LaunchScreen.storyboard in Resources */,
			);
			runOnlyForDeploymentPostprocessing = 0;
		};
/* End PBXResourcesBuildPhase section */

/* Begin PBXSourcesBuildPhase section */
		C7D0F01621BE8F1200638746 /* Sources */ = {
			isa = PBXSourcesBuildPhase;
			buildActionMask = 2147483647;
			files = (
				366FF0A5D546982A0B437EB5 /* TranslationKeys.swift in Sources */,
				366FF83FFEAE2BB02E93C7BC /* ViewController.swift in Sources */,
				366FFF0FDAD05B7A633C7989 /* AppDelegate.swift in Sources */,
			);
			runOnlyForDeploymentPostprocessing = 0;
		};
/* End PBXSourcesBuildPhase section */

/* Begin PBXVariantGroup section */
		366FFB193FAAEB1737A4C47D /* Main.storyboard */ = {
			isa = PBXVariantGroup;
			children = (
				366FF77993B74EDDFF0947DC /* Base */,
			);
			name = Main.storyboard;
			sourceTree = "<group>";
		};
		366FFCE7666869B5EA2959F6 /* LaunchScreen.storyboard */ = {
			isa = PBXVariantGroup;
			children = (
				366FFF2868660E56A0DE7059 /* Base */,
			);
			name = LaunchScreen.storyboard;
			sourceTree = "<group>";
		};
		C7D0F03321BE95BB00638746 /* Localizable.stringsdict */ = {
			isa = PBXVariantGroup;
			children = (
				C7D0F03221BE95BB00638746 /* en */,
				C7D0F03421BE95CF00638746 /* ru */,
			);
			name = Localizable.stringsdict;
			sourceTree = "<group>";
		};
/* End PBXVariantGroup section */

/* Begin XCBuildConfiguration section */
		C7D0F02A21BE8F1300638746 /* Debug */ = {
			isa = XCBuildConfiguration;
			buildSettings = {
				ALWAYS_SEARCH_USER_PATHS = NO;
				CLANG_ANALYZER_LOCALIZABILITY_NONLOCALIZED = YES;
				CLANG_ANALYZER_NONNULL = YES;
				CLANG_ANALYZER_NUMBER_OBJECT_CONVERSION = YES_AGGRESSIVE;
				CLANG_CXX_LANGUAGE_STANDARD = "gnu++14";
				CLANG_CXX_LIBRARY = "libc++";
				CLANG_ENABLE_MODULES = YES;
				CLANG_ENABLE_OBJC_ARC = YES;
				CLANG_ENABLE_OBJC_WEAK = YES;
				CLANG_WARN_BLOCK_CAPTURE_AUTORELEASING = YES;
				CLANG_WARN_BOOL_CONVERSION = YES;
				CLANG_WARN_COMMA = YES;
				CLANG_WARN_CONSTANT_CONVERSION = YES;
				CLANG_WARN_DEPRECATED_OBJC_IMPLEMENTATIONS = YES;
				CLANG_WARN_DIRECT_OBJC_ISA_USAGE = YES_ERROR;
				CLANG_WARN_DOCUMENTATION_COMMENTS = YES;
				CLANG_WARN_EMPTY_BODY = YES;
				CLANG_WARN_ENUM_CONVERSION = YES;
				CLANG_WARN_INFINITE_RECURSION = YES;
				CLANG_WARN_INT_CONVERSION = YES;
				CLANG_WARN_NON_LITERAL_NULL_CONVERSION = YES;
				CLANG_WARN_OBJC_IMPLICIT_RETAIN_SELF = YES;
				CLANG_WARN_OBJC_LITERAL_CONVERSION = YES;
				CLANG_WARN_OBJC_ROOT_CLASS = YES_ERROR;
				CLANG_WARN_RANGE_LOOP_ANALYSIS = YES;
				CLANG_WARN_STRICT_PROTOTYPES = YES;
				CLANG_WARN_SUSPICIOUS_MOVE = YES;
				CLANG_WARN_UNGUARDED_AVAILABILITY = YES_AGGRESSIVE;
				CLANG_WARN_UNREACHABLE_CODE = YES;
				CLANG_WARN__DUPLICATE_METHOD_MATCH = YES;
				CODE_SIGN_IDENTITY = "iPhone Developer";
				COPY_PHASE_STRIP = NO;
				DEBUG_INFORMATION_FORMAT = dwarf;
				ENABLE_STRICT_OBJC_MSGSEND = YES;
				ENABLE_TESTABILITY = YES;
				GCC_C_LANGUAGE_STANDARD = gnu11;
				GCC_DYNAMIC_NO_PIC = NO;
				GCC_NO_COMMON_BLOCKS = YES;
				GCC_OPTIMIZATION_LEVEL = 0;
				GCC_PREPROCESSOR_DEFINITIONS = (
					"DEBUG=1",
					"$(inherited)",
				);
				GCC_WARN_64_TO_32_BIT_CONVERSION = YES;
				GCC_WARN_ABOUT_RETURN_TYPE = YES_ERROR;
				GCC_WARN_UNDECLARED_SELECTOR = YES;
				GCC_WARN_UNINITIALIZED_AUTOS = YES_AGGRESSIVE;
				GCC_WARN_UNUSED_FUNCTION = YES;
				GCC_WARN_UNUSED_VARIABLE = YES;
				IPHONEOS_DEPLOYMENT_TARGET = 12.1;
				MTL_ENABLE_DEBUG_INFO = INCLUDE_SOURCE;
				MTL_FAST_MATH = YES;
				ONLY_ACTIVE_ARCH = YES;
				SDKROOT = iphoneos;
				SWIFT_ACTIVE_COMPILATION_CONDITIONS = DEBUG;
				SWIFT_OPTIMIZATION_LEVEL = "-Onone";
			};
			name = Debug;
		};
		C7D0F02B21BE8F1300638746 /* Release */ = {
			isa = XCBuildConfiguration;
			buildSettings = {
				ALWAYS_SEARCH_USER_PATHS = NO;
				CLANG_ANALYZER_LOCALIZABILITY_NONLOCALIZED = YES;
				CLANG_ANALYZER_NONNULL = YES;
				CLANG_ANALYZER_NUMBER_OBJECT_CONVERSION = YES_AGGRESSIVE;
				CLANG_CXX_LANGUAGE_STANDARD = "gnu++14";
				CLANG_CXX_LIBRARY = "libc++";
				CLANG_ENABLE_MODULES = YES;
				CLANG_ENABLE_OBJC_ARC = YES;
				CLANG_ENABLE_OBJC_WEAK = YES;
				CLANG_WARN_BLOCK_CAPTURE_AUTORELEASING = YES;
				CLANG_WARN_BOOL_CONVERSION = YES;
				CLANG_WARN_COMMA = YES;
				CLANG_WARN_CONSTANT_CONVERSION = YES;
				CLANG_WARN_DEPRECATED_OBJC_IMPLEMENTATIONS = YES;
				CLANG_WARN_DIRECT_OBJC_ISA_USAGE = YES_ERROR;
				CLANG_WARN_DOCUMENTATION_COMMENTS = YES;
				CLANG_WARN_EMPTY_BODY = YES;
				CLANG_WARN_ENUM_CONVERSION = YES;
				CLANG_WARN_INFINITE_RECURSION = YES;
				CLANG_WARN_INT_CONVERSION = YES;
				CLANG_WARN_NON_LITERAL_NULL_CONVERSION = YES;
				CLANG_WARN_OBJC_IMPLICIT_RETAIN_SELF = YES;
				CLANG_WARN_OBJC_LITERAL_CONVERSION = YES;
				CLANG_WARN_OBJC_ROOT_CLASS = YES_ERROR;
				CLANG_WARN_RANGE_LOOP_ANALYSIS = YES;
				CLANG_WARN_STRICT_PROTOTYPES = YES;
				CLANG_WARN_SUSPICIOUS_MOVE = YES;
				CLANG_WARN_UNGUARDED_AVAILABILITY = YES_AGGRESSIVE;
				CLANG_WARN_UNREACHABLE_CODE = YES;
				CLANG_WARN__DUPLICATE_METHOD_MATCH = YES;
				CODE_SIGN_IDENTITY = "iPhone Developer";
				COPY_PHASE_STRIP = NO;
				DEBUG_INFORMATION_FORMAT = "dwarf-with-dsym";
				ENABLE_NS_ASSERTIONS = NO;
				ENABLE_STRICT_OBJC_MSGSEND = YES;
				GCC_C_LANGUAGE_STANDARD = gnu11;
				GCC_NO_COMMON_BLOCKS = YES;
				GCC_WARN_64_TO_32_BIT_CONVERSION = YES;
				GCC_WARN_ABOUT_RETURN_TYPE = YES_ERROR;
				GCC_WARN_UNDECLARED_SELECTOR = YES;
				GCC_WARN_UNINITIALIZED_AUTOS = YES_AGGRESSIVE;
				GCC_WARN_UNUSED_FUNCTION = YES;
				GCC_WARN_UNUSED_VARIABLE = YES;
				IPHONEOS_DEPLOYMENT_TARGET = 12.1;
				MTL_ENABLE_DEBUG_INFO = NO;
				MTL_FAST_MATH = YES;
				SDKROOT = iphoneos;
				SWIFT_COMPILATION_MODE = wholemodule;
				SWIFT_OPTIMIZATION_LEVEL = "-O";
				VALIDATE_PRODUCT = YES;
			};
			name = Release;
		};
		C7D0F02D21BE8F1300638746 /* Debug */ = {
			isa = XCBuildConfiguration;
			buildSettings = {
				ASSETCATALOG_COMPILER_APPICON_NAME = AppIcon;
				CODE_SIGN_STYLE = Automatic;
				DEVELOPMENT_TEAM = RQ8948VJT6;
				INFOPLIST_FILE = Localization_NounPlurals/Info.plist;
				LD_RUNPATH_SEARCH_PATHS = (
					"$(inherited)",
					"@executable_path/Frameworks",
				);
				PRODUCT_BUNDLE_IDENTIFIER = "hillarious.Localization-NounPlurals";
				PRODUCT_NAME = "$(TARGET_NAME)";
				SWIFT_VERSION = 4.2;
				TARGETED_DEVICE_FAMILY = "1,2";
			};
			name = Debug;
		};
		C7D0F02E21BE8F1300638746 /* Release */ = {
			isa = XCBuildConfiguration;
			buildSettings = {
				ASSETCATALOG_COMPILER_APPICON_NAME = AppIcon;
				CODE_SIGN_STYLE = Automatic;
				DEVELOPMENT_TEAM = RQ8948VJT6;
				INFOPLIST_FILE = Localization_NounPlurals/Info.plist;
				LD_RUNPATH_SEARCH_PATHS = (
					"$(inherited)",
					"@executable_path/Frameworks",
				);
				PRODUCT_BUNDLE_IDENTIFIER = "hillarious.Localization-NounPlurals";
				PRODUCT_NAME = "$(TARGET_NAME)";
				SWIFT_VERSION = 4.2;
				TARGETED_DEVICE_FAMILY = "1,2";
			};
			name = Release;
		};
/* End XCBuildConfiguration section */

/* Begin XCConfigurationList section */
		C7D0F01521BE8F1100638746 /* Build configuration list for PBXProject "Localization_NounPlurals" */ = {
			isa = XCConfigurationList;
			buildConfigurations = (
				C7D0F02A21BE8F1300638746 /* Debug */,
				C7D0F02B21BE8F1300638746 /* Release */,
			);
			defaultConfigurationIsVisible = 0;
			defaultConfigurationName = Release;
		};
		C7D0F02C21BE8F1300638746 /* Build configuration list for PBXNativeTarget "Localization_NounPlurals" */ = {
			isa = XCConfigurationList;
			buildConfigurations = (
				C7D0F02D21BE8F1300638746 /* Debug */,
				C7D0F02E21BE8F1300638746 /* Release */,
			);
			defaultConfigurationIsVisible = 0;
			defaultConfigurationName = Release;
		};
/* End XCConfigurationList section */
	};
	rootObject = C7D0F01221BE8F1100638746 /* Project object */;
}
