<?xml version="1.0" encoding="UTF-8"?>
<Scheme
   version = "1.3">
   <BuildAction>
      <BuildActionEntries>
         <BuildActionEntry
            buildForRunning = "YES">
            <BuildableReference
               BuildableIdentifier = "primary"
               BlueprintIdentifier = "C7D0F01921BE8F1200638746"
               BuildableName = "Localization_NounPlurals.app"
               BlueprintName = "Localization_NounPlurals"
               ReferencedContainer = "container:Localization_NounPlurals.xcodeproj">
            </BuildableReference>
         </BuildActionEntry>
      </BuildActionEntries>
   </BuildAction>
   <LaunchAction
      useCustomWorkingDirectory = "NO"
      buildConfiguration = "Debug"
      allowLocationSimulation = "YES">
      <BuildableProductRunnable>
         <BuildableReference
            BuildableIdentifier = "primary"
            BlueprintIdentifier = "C7D0F01921BE8F1200638746"
            BuildableName = "Localization_NounPlurals.app"
            BlueprintName = "Localization_NounPlurals"
            ReferencedContainer = "container:Localization_NounPlurals.xcodeproj">
         </BuildableReference>
      </BuildableProductRunnable>
   </LaunchAction>
</Scheme>
